// !$*UTF8*$!
{
	archiveVersion = 1;
	classes = {
	};
	objectVersion = 56;
	objects = {

/* Begin PBXBuildFile section */
		415B0A22937D1417051065F6 /* Pods_GADemo.framework in Frameworks */ = {isa = PBXBuildFile; fileRef = 2E6A7456F57DF2C7E940FF7A /* Pods_GADemo.framework */; };
		52CB58792A93740A008D2782 /* GoogleService-Info.plist in Resources */ = {isa = PBXBuildFile; fileRef = 52CB58782A93740A008D2782 /* GoogleService-Info.plist */; };
		8400F35A2A8F625200526795 /* AdSupport.framework in Frameworks */ = {isa = PBXBuildFile; fileRef = 8400F3592A8F625200526795 /* AdSupport.framework */; };
		8400F35C2A8F625A00526795 /* AdServices.framework in Frameworks */ = {isa = PBXBuildFile; fileRef = 8400F35B2A8F625A00526795 /* AdServices.framework */; };
		84AA7ECD2A8F51BA0011A2EC /* AppDelegate.swift in Sources */ = {isa = PBXBuildFile; fileRef = 84AA7ECC2A8F51BA0011A2EC /* AppDelegate.swift */; };
		84AA7ECF2A8F51BA0011A2EC /* SceneDelegate.swift in Sources */ = {isa = PBXBuildFile; fileRef = 84AA7ECE2A8F51BA0011A2EC /* SceneDelegate.swift */; };
		84AA7ED12A8F51BA0011A2EC /* ViewController.swift in Sources */ = {isa = PBXBuildFile; fileRef = 84AA7ED02A8F51BA0011A2EC /* ViewController.swift */; };
		84AA7ED42A8F51BA0011A2EC /* Main.storyboard in Resources */ = {isa = PBXBuildFile; fileRef = 84AA7ED22A8F51BA0011A2EC /* Main.storyboard */; };
		84AA7ED62A8F51BC0011A2EC /* Assets.xcassets in Resources */ = {isa = PBXBuildFile; fileRef = 84AA7ED52A8F51BC0011A2EC /* Assets.xcassets */; };
		84AA7ED92A8F51BC0011A2EC /* LaunchScreen.storyboard in Resources */ = {isa = PBXBuildFile; fileRef = 84AA7ED72A8F51BC0011A2EC /* LaunchScreen.storyboard */; };
/* End PBXBuildFile section */

/* Begin PBXFileReference section */
		2E6A7456F57DF2C7E940FF7A /* Pods_GADemo.framework */ = {isa = PBXFileReference; explicitFileType = wrapper.framework; includeInIndex = 0; path = Pods_GADemo.framework; sourceTree = BUILT_PRODUCTS_DIR; };
		52CB58782A93740A008D2782 /* GoogleService-Info.plist */ = {isa = PBXFileReference; fileEncoding = 4; lastKnownFileType = text.plist.xml; path = "GoogleService-Info.plist"; sourceTree = "<group>"; };
		8400F3592A8F625200526795 /* AdSupport.framework */ = {isa = PBXFileReference; lastKnownFileType = wrapper.framework; name = AdSupport.framework; path = System/Library/Frameworks/AdSupport.framework; sourceTree = SDKROOT; };
		8400F35B2A8F625A00526795 /* AdServices.framework */ = {isa = PBXFileReference; lastKnownFileType = wrapper.framework; name = AdServices.framework; path = System/Library/Frameworks/AdServices.framework; sourceTree = SDKROOT; };
		8400F35D2A8F744300526795 /* libAccessibility.tbd */ = {isa = PBXFileReference; lastKnownFileType = "sourcecode.text-based-dylib-definition"; name = libAccessibility.tbd; path = usr/lib/libAccessibility.tbd; sourceTree = SDKROOT; };
		8400F3672A8F7AC400526795 /* GADemo-Bridging-Header.h */ = {isa = PBXFileReference; lastKnownFileType = sourcecode.c.h; path = "GADemo-Bridging-Header.h"; sourceTree = "<group>"; };
		84AA7EC92A8F51BA0011A2EC /* GADemo.app */ = {isa = PBXFileReference; explicitFileType = wrapper.application; includeInIndex = 0; path = GADemo.app; sourceTree = BUILT_PRODUCTS_DIR; };
		84AA7ECC2A8F51BA0011A2EC /* AppDelegate.swift */ = {isa = PBXFileReference; lastKnownFileType = sourcecode.swift; path = AppDelegate.swift; sourceTree = "<group>"; };
		84AA7ECE2A8F51BA0011A2EC /* SceneDelegate.swift */ = {isa = PBXFileReference; lastKnownFileType = sourcecode.swift; path = SceneDelegate.swift; sourceTree = "<group>"; };
		84AA7ED02A8F51BA0011A2EC /* ViewController.swift */ = {isa = PBXFileReference; lastKnownFileType = sourcecode.swift; path = ViewController.swift; sourceTree = "<group>"; };
		84AA7ED32A8F51BA0011A2EC /* Base */ = {isa = PBXFileReference; lastKnownFileType = file.storyboard; name = Base; path = Base.lproj/Main.storyboard; sourceTree = "<group>"; };
		84AA7ED52A8F51BC0011A2EC /* Assets.xcassets */ = {isa = PBXFileReference; lastKnownFileType = folder.assetcatalog; path = Assets.xcassets; sourceTree = "<group>"; };
		84AA7ED82A8F51BC0011A2EC /* Base */ = {isa = PBXFileReference; lastKnownFileType = file.storyboard; name = Base; path = Base.lproj/LaunchScreen.storyboard; sourceTree = "<group>"; };
		84AA7EDA2A8F51BC0011A2EC /* Info.plist */ = {isa = PBXFileReference; lastKnownFileType = text.plist.xml; path = Info.plist; sourceTree = "<group>"; };
		A3EEC4105F08F788CC2E248B /* Pods-GADemo.release.xcconfig */ = {isa = PBXFileReference; includeInIndex = 1; lastKnownFileType = text.xcconfig; name = "Pods-GADemo.release.xcconfig"; path = "Target Support Files/Pods-GADemo/Pods-GADemo.release.xcconfig"; sourceTree = "<group>"; };
		DFC5EE4CC4D3F6C02E6F5E2A /* Pods-GADemo.debug.xcconfig */ = {isa = PBXFileReference; includeInIndex = 1; lastKnownFileType = text.xcconfig; name = "Pods-GADemo.debug.xcconfig"; path = "Target Support Files/Pods-GADemo/Pods-GADemo.debug.xcconfig"; sourceTree = "<group>"; };
/* End PBXFileReference section */

/* Begin PBXFrameworksBuildPhase section */
		84AA7EC62A8F51BA0011A2EC /* Frameworks */ = {
			isa = PBXFrameworksBuildPhase;
			buildActionMask = 2147483647;
			files = (
				8400F35C2A8F625A00526795 /* AdServices.framework in Frameworks */,
				8400F35A2A8F625200526795 /* AdSupport.framework in Frameworks */,
				415B0A22937D1417051065F6 /* Pods_GADemo.framework in Frameworks */,
			);
			runOnlyForDeploymentPostprocessing = 0;
		};
/* End PBXFrameworksBuildPhase section */

/* Begin PBXGroup section */
		69903BC9375985CB87F2664A /* Pods */ = {
			isa = PBXGroup;
			children = (
				DFC5EE4CC4D3F6C02E6F5E2A /* Pods-GADemo.debug.xcconfig */,
				A3EEC4105F08F788CC2E248B /* Pods-GADemo.release.xcconfig */,
			);
			path = Pods;
			sourceTree = "<group>";
		};
		8400F3582A8F625200526795 /* Frameworks */ = {
			isa = PBXGroup;
			children = (
				8400F35D2A8F744300526795 /* libAccessibility.tbd */,
				8400F35B2A8F625A00526795 /* AdServices.framework */,
				8400F3592A8F625200526795 /* AdSupport.framework */,
				2E6A7456F57DF2C7E940FF7A /* Pods_GADemo.framework */,
			);
			name = Frameworks;
			sourceTree = "<group>";
		};
		84AA7EC02A8F51BA0011A2EC = {
			isa = PBXGroup;
			children = (
				84AA7ECB2A8F51BA0011A2EC /* GADemo */,
				84AA7ECA2A8F51BA0011A2EC /* Products */,
				8400F3582A8F625200526795 /* Frameworks */,
				69903BC9375985CB87F2664A /* Pods */,
			);
			sourceTree = "<group>";
		};
		84AA7ECA2A8F51BA0011A2EC /* Products */ = {
			isa = PBXGroup;
			children = (
				84AA7EC92A8F51BA0011A2EC /* GADemo.app */,
			);
			name = Products;
			sourceTree = "<group>";
		};
		84AA7ECB2A8F51BA0011A2EC /* GADemo */ = {
			isa = PBXGroup;
			children = (
				84AA7ECC2A8F51BA0011A2EC /* AppDelegate.swift */,
				8400F3672A8F7AC400526795 /* GADemo-Bridging-Header.h */,
				52CB58782A93740A008D2782 /* GoogleService-Info.plist */,
				84AA7ECE2A8F51BA0011A2EC /* SceneDelegate.swift */,
				84AA7ED02A8F51BA0011A2EC /* ViewController.swift */,
				84AA7ED22A8F51BA0011A2EC /* Main.storyboard */,
				84AA7ED52A8F51BC0011A2EC /* Assets.xcassets */,
				84AA7ED72A8F51BC0011A2EC /* LaunchScreen.storyboard */,
				84AA7EDA2A8F51BC0011A2EC /* Info.plist */,
			);
			path = GADemo;
			sourceTree = "<group>";
		};
/* End PBXGroup section */

/* Begin PBXNativeTarget section */
		84AA7EC82A8F51BA0011A2EC /* GADemo */ = {
			isa = PBXNativeTarget;
			buildConfigurationList = 84AA7EDD2A8F51BC0011A2EC /* Build configuration list for PBXNativeTarget "GADemo" */;
			buildPhases = (
				8AE91DA24274C72A5228B723 /* [CP] Check Pods Manifest.lock */,
				84AA7EC52A8F51BA0011A2EC /* Sources */,
				84AA7EC62A8F51BA0011A2EC /* Frameworks */,
				84AA7EC72A8F51BA0011A2EC /* Resources */,
				5825A1DD48505B4E1747DCA5 /* [CP] Embed Pods Frameworks */,
			);
			buildRules = (
			);
			dependencies = (
			);
			name = GADemo;
			packageProductDependencies = (
			);
			productName = GADemo;
			productReference = 84AA7EC92A8F51BA0011A2EC /* GADemo.app */;
			productType = "com.apple.product-type.application";
		};
/* End PBXNativeTarget section */

/* Begin PBXProject section */
		84AA7EC12A8F51BA0011A2EC /* Project object */ = {
			isa = PBXProject;
			attributes = {
				BuildIndependentTargetsInParallel = 1;
				LastSwiftUpdateCheck = 1430;
				LastUpgradeCheck = 1430;
				TargetAttributes = {
					84AA7EC82A8F51BA0011A2EC = {
						CreatedOnToolsVersion = 14.3.1;
					};
				};
			};
			buildConfigurationList = 84AA7EC42A8F51BA0011A2EC /* Build configuration list for PBXProject "GADemo" */;
			compatibilityVersion = "Xcode 14.0";
			developmentRegion = en;
			hasScannedForEncodings = 0;
			knownRegions = (
				en,
				Base,
			);
			mainGroup = 84AA7EC02A8F51BA0011A2EC;
			packageReferences = (
			);
			productRefGroup = 84AA7ECA2A8F51BA0011A2EC /* Products */;
			projectDirPath = "";
			projectRoot = "";
			targets = (
				84AA7EC82A8F51BA0011A2EC /* GADemo */,
			);
		};
/* End PBXProject section */

/* Begin PBXResourcesBuildPhase section */
		84AA7EC72A8F51BA0011A2EC /* Resources */ = {
			isa = PBXResourcesBuildPhase;
			buildActionMask = 2147483647;
			files = (
				84AA7ED92A8F51BC0011A2EC /* LaunchScreen.storyboard in Resources */,
				52CB58792A93740A008D2782 /* GoogleService-Info.plist in Resources */,
				84AA7ED62A8F51BC0011A2EC /* Assets.xcassets in Resources */,
				84AA7ED42A8F51BA0011A2EC /* Main.storyboard in Resources */,
			);
			runOnlyForDeploymentPostprocessing = 0;
		};
/* End PBXResourcesBuildPhase section */

/* Begin PBXShellScriptBuildPhase section */
		5825A1DD48505B4E1747DCA5 /* [CP] Embed Pods Frameworks */ = {
			isa = PBXShellScriptBuildPhase;
			buildActionMask = 2147483647;
			files = (
			);
			inputFileListPaths = (
				"${PODS_ROOT}/Target Support Files/Pods-GADemo/Pods-GADemo-frameworks-${CONFIGURATION}-input-files.xcfilelist",
			);
			name = "[CP] Embed Pods Frameworks";
			outputFileListPaths = (
				"${PODS_ROOT}/Target Support Files/Pods-GADemo/Pods-GADemo-frameworks-${CONFIGURATION}-output-files.xcfilelist",
			);
			runOnlyForDeploymentPostprocessing = 0;
			shellPath = /bin/sh;
			shellScript = "\"${PODS_ROOT}/Target Support Files/Pods-GADemo/Pods-GADemo-frameworks.sh\"\n";
			showEnvVarsInLog = 0;
		};
		8AE91DA24274C72A5228B723 /* [CP] Check Pods Manifest.lock */ = {
			isa = PBXShellScriptBuildPhase;
			buildActionMask = 2147483647;
			files = (
			);
			inputFileListPaths = (
			);
			inputPaths = (
				"${PODS_PODFILE_DIR_PATH}/Podfile.lock",
				"${PODS_ROOT}/Manifest.lock",
			);
			name = "[CP] Check Pods Manifest.lock";
			outputFileListPaths = (
			);
			outputPaths = (
				"$(DERIVED_FILE_DIR)/Pods-GADemo-checkManifestLockResult.txt",
			);
			runOnlyForDeploymentPostprocessing = 0;
			shellPath = /bin/sh;
			shellScript = "diff \"${PODS_PODFILE_DIR_PATH}/Podfile.lock\" \"${PODS_ROOT}/Manifest.lock\" > /dev/null\nif [ $? != 0 ] ; then\n    # print error to STDERR\n    echo \"error: The sandbox is not in sync with the Podfile.lock. Run 'pod install' or update your CocoaPods installation.\" >&2\n    exit 1\nfi\n# This output is used by Xcode 'outputs' to avoid re-running this script phase.\necho \"SUCCESS\" > \"${SCRIPT_OUTPUT_FILE_0}\"\n";
			showEnvVarsInLog = 0;
		};
/* End PBXShellScriptBuildPhase section */

/* Begin PBXSourcesBuildPhase section */
		84AA7EC52A8F51BA0011A2EC /* Sources */ = {
			isa = PBXSourcesBuildPhase;
			buildActionMask = 2147483647;
			files = (
				84AA7ED12A8F51BA0011A2EC /* ViewController.swift in Sources */,
				84AA7ECD2A8F51BA0011A2EC /* AppDelegate.swift in Sources */,
				84AA7ECF2A8F51BA0011A2EC /* SceneDelegate.swift in Sources */,
			);
			runOnlyForDeploymentPostprocessing = 0;
		};
/* End PBXSourcesBuildPhase section */

/* Begin PBXVariantGroup section */
		84AA7ED22A8F51BA0011A2EC /* Main.storyboard */ = {
			isa = PBXVariantGroup;
			children = (
				84AA7ED32A8F51BA0011A2EC /* Base */,
			);
			name = Main.storyboard;
			sourceTree = "<group>";
		};
		84AA7ED72A8F51BC0011A2EC /* LaunchScreen.storyboard */ = {
			isa = PBXVariantGroup;
			children = (
				84AA7ED82A8F51BC0011A2EC /* Base */,
			);
			name = LaunchScreen.storyboard;
			sourceTree = "<group>";
		};
/* End PBXVariantGroup section */

/* Begin XCBuildConfiguration section */
		84AA7EDB2A8F51BC0011A2EC /* Debug */ = {
			isa = XCBuildConfiguration;
			buildSettings = {
				ALWAYS_SEARCH_USER_PATHS = NO;
				CLANG_ANALYZER_NONNULL = YES;
				CLANG_ANALYZER_NUMBER_OBJECT_CONVERSION = YES_AGGRESSIVE;
				CLANG_CXX_LANGUAGE_STANDARD = "gnu++20";
				CLANG_ENABLE_MODULES = YES;
				CLANG_ENABLE_OBJC_ARC = YES;
				CLANG_ENABLE_OBJC_WEAK = YES;
				CLANG_WARN_BLOCK_CAPTURE_AUTORELEASING = YES;
				CLANG_WARN_BOOL_CONVERSION = YES;
				CLANG_WARN_COMMA = YES;
				CLANG_WARN_CONSTANT_CONVERSION = YES;
				CLANG_WARN_DEPRECATED_OBJC_IMPLEMENTATIONS = YES;
				CLANG_WARN_DIRECT_OBJC_ISA_USAGE = YES_ERROR;
				CLANG_WARN_DOCUMENTATION_COMMENTS = YES;
				CLANG_WARN_EMPTY_BODY = YES;
				CLANG_WARN_ENUM_CONVERSION = YES;
				CLANG_WARN_INFINITE_RECURSION = YES;
				CLANG_WARN_INT_CONVERSION = YES;
				CLANG_WARN_NON_LITERAL_NULL_CONVERSION = YES;
				CLANG_WARN_OBJC_IMPLICIT_RETAIN_SELF = YES;
				CLANG_WARN_OBJC_LITERAL_CONVERSION = YES;
				CLANG_WARN_OBJC_ROOT_CLASS = YES_ERROR;
				CLANG_WARN_QUOTED_INCLUDE_IN_FRAMEWORK_HEADER = YES;
				CLANG_WARN_RANGE_LOOP_ANALYSIS = YES;
				CLANG_WARN_STRICT_PROTOTYPES = YES;
				CLANG_WARN_SUSPICIOUS_MOVE = YES;
				CLANG_WARN_UNGUARDED_AVAILABILITY = YES_AGGRESSIVE;
				CLANG_WARN_UNREACHABLE_CODE = YES;
				CLANG_WARN__DUPLICATE_METHOD_MATCH = YES;
				COPY_PHASE_STRIP = NO;
				DEBUG_INFORMATION_FORMAT = dwarf;
				ENABLE_STRICT_OBJC_MSGSEND = YES;
				ENABLE_TESTABILITY = YES;
				GCC_C_LANGUAGE_STANDARD = gnu11;
				GCC_DYNAMIC_NO_PIC = NO;
				GCC_NO_COMMON_BLOCKS = YES;
				GCC_OPTIMIZATION_LEVEL = 0;
				GCC_PREPROCESSOR_DEFINITIONS = (
					"DEBUG=1",
					"$(inherited)",
				);
				GCC_WARN_64_TO_32_BIT_CONVERSION = YES;
				GCC_WARN_ABOUT_RETURN_TYPE = YES_ERROR;
				GCC_WARN_UNDECLARED_SELECTOR = YES;
				GCC_WARN_UNINITIALIZED_AUTOS = YES_AGGRESSIVE;
				GCC_WARN_UNUSED_FUNCTION = YES;
				GCC_WARN_UNUSED_VARIABLE = YES;
				IPHONEOS_DEPLOYMENT_TARGET = 14.0;
				MTL_ENABLE_DEBUG_INFO = INCLUDE_SOURCE;
				MTL_FAST_MATH = YES;
				ONLY_ACTIVE_ARCH = YES;
				SDKROOT = iphoneos;
				SWIFT_ACTIVE_COMPILATION_CONDITIONS = DEBUG;
				SWIFT_OPTIMIZATION_LEVEL = "-Onone";
			};
			name = Debug;
		};
		84AA7EDC2A8F51BC0011A2EC /* Release */ = {
			isa = XCBuildConfiguration;
			buildSettings = {
				ALWAYS_SEARCH_USER_PATHS = NO;
				CLANG_ANALYZER_NONNULL = YES;
				CLANG_ANALYZER_NUMBER_OBJECT_CONVERSION = YES_AGGRESSIVE;
				CLANG_CXX_LANGUAGE_STANDARD = "gnu++20";
				CLANG_ENABLE_MODULES = YES;
				CLANG_ENABLE_OBJC_ARC = YES;
				CLANG_ENABLE_OBJC_WEAK = YES;
				CLANG_WARN_BLOCK_CAPTURE_AUTORELEASING = YES;
				CLANG_WARN_BOOL_CONVERSION = YES;
				CLANG_WARN_COMMA = YES;
				CLANG_WARN_CONSTANT_CONVERSION = YES;
				CLANG_WARN_DEPRECATED_OBJC_IMPLEMENTATIONS = YES;
				CLANG_WARN_DIRECT_OBJC_ISA_USAGE = YES_ERROR;
				CLANG_WARN_DOCUMENTATION_COMMENTS = YES;
				CLANG_WARN_EMPTY_BODY = YES;
				CLANG_WARN_ENUM_CONVERSION = YES;
				CLANG_WARN_INFINITE_RECURSION = YES;
				CLANG_WARN_INT_CONVERSION = YES;
				CLANG_WARN_NON_LITERAL_NULL_CONVERSION = YES;
				CLANG_WARN_OBJC_IMPLICIT_RETAIN_SELF = YES;
				CLANG_WARN_OBJC_LITERAL_CONVERSION = YES;
				CLANG_WARN_OBJC_ROOT_CLASS = YES_ERROR;
				CLANG_WARN_QUOTED_INCLUDE_IN_FRAMEWORK_HEADER = YES;
				CLANG_WARN_RANGE_LOOP_ANALYSIS = YES;
				CLANG_WARN_STRICT_PROTOTYPES = YES;
				CLANG_WARN_SUSPICIOUS_MOVE = YES;
				CLANG_WARN_UNGUARDED_AVAILABILITY = YES_AGGRESSIVE;
				CLANG_WARN_UNREACHABLE_CODE = YES;
				CLANG_WARN__DUPLICATE_METHOD_MATCH = YES;
				COPY_PHASE_STRIP = NO;
				DEBUG_INFORMATION_FORMAT = "dwarf-with-dsym";
				ENABLE_NS_ASSERTIONS = NO;
				ENABLE_STRICT_OBJC_MSGSEND = YES;
				GCC_C_LANGUAGE_STANDARD = gnu11;
				GCC_NO_COMMON_BLOCKS = YES;
				GCC_WARN_64_TO_32_BIT_CONVERSION = YES;
				GCC_WARN_ABOUT_RETURN_TYPE = YES_ERROR;
				GCC_WARN_UNDECLARED_SELECTOR = YES;
				GCC_WARN_UNINITIALIZED_AUTOS = YES_AGGRESSIVE;
				GCC_WARN_UNUSED_FUNCTION = YES;
				GCC_WARN_UNUSED_VARIABLE = YES;
				IPHONEOS_DEPLOYMENT_TARGET = 14.0;
				MTL_ENABLE_DEBUG_INFO = NO;
				MTL_FAST_MATH = YES;
				SDKROOT = iphoneos;
				SWIFT_COMPILATION_MODE = wholemodule;
				SWIFT_OPTIMIZATION_LEVEL = "-O";
				VALIDATE_PRODUCT = YES;
			};
			name = Release;
		};
		84AA7EDE2A8F51BC0011A2EC /* Debug */ = {
			isa = XCBuildConfiguration;
			baseConfigurationReference = DFC5EE4CC4D3F6C02E6F5E2A /* Pods-GADemo.debug.xcconfig */;
			buildSettings = {
				ASSETCATALOG_COMPILER_APPICON_NAME = AppIcon;
				ASSETCATALOG_COMPILER_GLOBAL_ACCENT_COLOR_NAME = AccentColor;
				CODE_SIGN_STYLE = Automatic;
				CURRENT_PROJECT_VERSION = 1;
				DEVELOPMENT_TEAM = CPK3284L9Q;
				GENERATE_INFOPLIST_FILE = YES;
				INFOPLIST_FILE = GADemo/Info.plist;
				INFOPLIST_KEY_NSUserTrackingUsageDescription = "Testing with Tracking";
				INFOPLIST_KEY_UIApplicationSupportsIndirectInputEvents = YES;
				INFOPLIST_KEY_UILaunchStoryboardName = LaunchScreen;
				INFOPLIST_KEY_UIMainStoryboardFile = Main;
				INFOPLIST_KEY_UISupportedInterfaceOrientations_iPad = "UIInterfaceOrientationPortrait UIInterfaceOrientationPortraitUpsideDown UIInterfaceOrientationLandscapeLeft UIInterfaceOrientationLandscapeRight";
				INFOPLIST_KEY_UISupportedInterfaceOrientations_iPhone = "UIInterfaceOrientationPortrait UIInterfaceOrientationLandscapeLeft UIInterfaceOrientationLandscapeRight";
				LD_RUNPATH_SEARCH_PATHS = (
					"$(inherited)",
					"@executable_path/Frameworks",
				);
				MARKETING_VERSION = 1.0;
				PRODUCT_BUNDLE_IDENTIFIER = com.eversendapp;
				PRODUCT_NAME = "$(TARGET_NAME)";
				SWIFT_EMIT_LOC_STRINGS = YES;
				SWIFT_OBJC_BRIDGING_HEADER = "GADemo/GADemo-Bridging-Header.h";
				SWIFT_VERSION = 5.0;
				TARGETED_DEVICE_FAMILY = "1,2";
			};
			name = Debug;
		};
		84AA7EDF2A8F51BC0011A2EC /* Release */ = {
			isa = XCBuildConfiguration;
			baseConfigurationReference = A3EEC4105F08F788CC2E248B /* Pods-GADemo.release.xcconfig */;
			buildSettings = {
				ASSETCATALOG_COMPILER_APPICON_NAME = AppIcon;
				ASSETCATALOG_COMPILER_GLOBAL_ACCENT_COLOR_NAME = AccentColor;
				CODE_SIGN_STYLE = Automatic;
				CURRENT_PROJECT_VERSION = 1;
				DEVELOPMENT_TEAM = CPK3284L9Q;
				GENERATE_INFOPLIST_FILE = YES;
				INFOPLIST_FILE = GADemo/Info.plist;
				INFOPLIST_KEY_NSUserTrackingUsageDescription = "Testing with Tracking";
				INFOPLIST_KEY_UIApplicationSupportsIndirectInputEvents = YES;
				INFOPLIST_KEY_UILaunchStoryboardName = LaunchScreen;
				INFOPLIST_KEY_UIMainStoryboardFile = Main;
				INFOPLIST_KEY_UISupportedInterfaceOrientations_iPad = "UIInterfaceOrientationPortrait UIInterfaceOrientationPortraitUpsideDown UIInterfaceOrientationLandscapeLeft UIInterfaceOrientationLandscapeRight";
				INFOPLIST_KEY_UISupportedInterfaceOrientations_iPhone = "UIInterfaceOrientationPortrait UIInterfaceOrientationLandscapeLeft UIInterfaceOrientationLandscapeRight";
				LD_RUNPATH_SEARCH_PATHS = (
					"$(inherited)",
					"@executable_path/Frameworks",
				);
				MARKETING_VERSION = 1.0;
				PRODUCT_BUNDLE_IDENTIFIER = com.eversendapp;
				PRODUCT_NAME = "$(TARGET_NAME)";
				SWIFT_EMIT_LOC_STRINGS = YES;
				SWIFT_OBJC_BRIDGING_HEADER = "GADemo/GADemo-Bridging-Header.h";
				SWIFT_VERSION = 5.0;
				TARGETED_DEVICE_FAMILY = "1,2";
			};
			name = Release;
		};
/* End XCBuildConfiguration section */

/* Begin XCConfigurationList section */
		84AA7EC42A8F51BA0011A2EC /* Build configuration list for PBXProject "GADemo" */ = {
			isa = XCConfigurationList;
			buildConfigurations = (
				84AA7EDB2A8F51BC0011A2EC /* Debug */,
				84AA7EDC2A8F51BC0011A2EC /* Release */,
			);
			defaultConfigurationIsVisible = 0;
			defaultConfigurationName = Release;
		};
		84AA7EDD2A8F51BC0011A2EC /* Build configuration list for PBXNativeTarget "GADemo" */ = {
			isa = XCConfigurationList;
			buildConfigurations = (
				84AA7EDE2A8F51BC0011A2EC /* Debug */,
				84AA7EDF2A8F51BC0011A2EC /* Release */,
			);
			defaultConfigurationIsVisible = 0;
			defaultConfigurationName = Release;
		};
/* End XCConfigurationList section */
	};
	rootObject = 84AA7EC12A8F51BA0011A2EC /* Project object */;
}
